
Microsoft Visual Studio Solution File, Format Version 12.00
# Visual Studio Version 17
VisualStudioVersion = 17.4.33122.133
MinimumVisualStudioVersion = 10.0.40219.1
Project("{FAE04EC0-301F-11D3-BF4B-00C04F79EFBC}") = "UnitTestingWeek7", "UnitTestingWeek7.csproj", "{B062001C-327B-4D66-A208-154F9799F805}"
EndProject
Project("{FAE04EC0-301F-11D3-BF4B-00C04F79EFBC}") = "UnitTests", "..\UnitTests\UnitTests.csproj", "{366DB878-9C4E-4006-81A3-BCA36C16F221}"
EndProject
Global
	GlobalSection(SolutionConfigurationPlatforms) = preSolution
		Debug|Any CPU = Debug|Any CPU
		Release|Any CPU = Release|Any CPU
	EndGlobalSection
	GlobalSection(ProjectConfigurationPlatforms) = postSolution
		{B062001C-327B-4D66-A208-154F9799F805}.Debug|Any CPU.ActiveCfg = Debug|Any CPU
		{B062001C-327B-4D66-A208-154F9799F805}.Debug|Any CPU.Build.0 = Debug|Any CPU
		{B062001C-327B-4D66-A208-154F9799F805}.Release|Any CPU.ActiveCfg = Release|Any CPU
		{B062001C-327B-4D66-A208-154F9799F805}.Release|Any CPU.Build.0 = Release|Any CPU
		{366DB878-9C4E-4006-81A3-BCA36C16F221}.Debug|Any CPU.ActiveCfg = Debug|Any CPU
		{366DB878-9C4E-4006-81A3-BCA36C16F221}.Debug|Any CPU.Build.0 = Debug|Any CPU
		{366DB878-9C4E-4006-81A3-BCA36C16F221}.Release|Any CPU.ActiveCfg = Release|Any CPU
		{366DB878-9C4E-4006-81A3-BCA36C16F221}.Release|Any CPU.Build.0 = Release|Any CPU
	EndGlobalSection
	GlobalSection(SolutionProperties) = preSolution
		HideSolutionNode = FALSE
	EndGlobalSection
	GlobalSection(ExtensibilityGlobals) = postSolution
		SolutionGuid = {5AB575EB-F8C8-40D9-A2A9-941458F1CCCD}
	EndGlobalSection
EndGlobal
